
Microsoft Visual Studio Solution File, Format Version 12.00
# Visual Studio Version 16
VisualStudioVersion = 16.0.31205.134
MinimumVisualStudioVersion = 10.0.40219.1
Project("{FAE04EC0-301F-11D3-BF4B-00C04F79EFBC}") = "Task23_Middle", "Task23_Middle\Task23_Middle.csproj", "{BBA1DBEA-7288-48E1-9E4A-413E66F0AA69}"
EndProject
Global
	GlobalSection(SolutionConfigurationPlatforms) = preSolution
		Debug|Any CPU = Debug|Any CPU
		Release|Any CPU = Release|Any CPU
	EndGlobalSection
	GlobalSection(ProjectConfigurationPlatforms) = postSolution
		{BBA1DBEA-7288-48E1-9E4A-413E66F0AA69}.Debug|Any CPU.ActiveCfg = Debug|Any CPU
		{BBA1DBEA-7288-48E1-9E4A-413E66F0AA69}.Debug|Any CPU.Build.0 = Debug|Any CPU
		{BBA1DBEA-7288-48E1-9E4A-413E66F0AA69}.Release|Any CPU.ActiveCfg = Release|Any CPU
		{BBA1DBEA-7288-48E1-9E4A-413E66F0AA69}.Release|Any CPU.Build.0 = Release|Any CPU
	EndGlobalSection
	GlobalSection(SolutionProperties) = preSolution
		HideSolutionNode = FALSE
	EndGlobalSection
	GlobalSection(ExtensibilityGlobals) = postSolution
		SolutionGuid = {1ADBA3BB-BDAF-4A33-A11B-F8F17F67CAE2}
	EndGlobalSection
EndGlobal
